
Microsoft Visual Studio Solution File, Format Version 12.00
# Visual Studio Version 16
VisualStudioVersion = 16.0.29613.14
MinimumVisualStudioVersion = 10.0.40219.1
Project("{FAE04EC0-301F-11D3-BF4B-00C04F79EFBC}") = "WebCropper", "WebCropper\WebCropper.csproj", "{E1814B33-1727-4E05-AA10-A8B7D7627991}"
EndProject
Global
	GlobalSection(SolutionConfigurationPlatforms) = preSolution
		Debug|Any CPU = Debug|Any CPU
		Release|Any CPU = Release|Any CPU
	EndGlobalSection
	GlobalSection(ProjectConfigurationPlatforms) = postSolution
		{E1814B33-1727-4E05-AA10-A8B7D7627991}.Debug|Any CPU.ActiveCfg = Debug|Any CPU
		{E1814B33-1727-4E05-AA10-A8B7D7627991}.Debug|Any CPU.Build.0 = Debug|Any CPU
		{E1814B33-1727-4E05-AA10-A8B7D7627991}.Release|Any CPU.ActiveCfg = Release|Any CPU
		{E1814B33-1727-4E05-AA10-A8B7D7627991}.Release|Any CPU.Build.0 = Release|Any CPU
	EndGlobalSection
	GlobalSection(SolutionProperties) = preSolution
		HideSolutionNode = FALSE
	EndGlobalSection
	GlobalSection(ExtensibilityGlobals) = postSolution
		SolutionGuid = {FB3E41EA-4AA6-4BED-AA89-1F29B5B3F544}
	EndGlobalSection
EndGlobal
